
Microsoft Visual Studio Solution File, Format Version 12.00
# Visual Studio Version 16
VisualStudioVersion = 16.0.32407.337
MinimumVisualStudioVersion = 10.0.40219.1
Project("{FAE04EC0-301F-11D3-BF4B-00C04F79EFBC}") = "MusicDuct", "MusicDuct\MusicDuct.csproj", "{E1F9F3EE-5FE6-44AD-9A3E-DA4E606E7495}"
EndProject
Global
	GlobalSection(SolutionConfigurationPlatforms) = preSolution
		Debug|Any CPU = Debug|Any CPU
		Release|Any CPU = Release|Any CPU
	EndGlobalSection
	GlobalSection(ProjectConfigurationPlatforms) = postSolution
		{E1F9F3EE-5FE6-44AD-9A3E-DA4E606E7495}.Debug|Any CPU.ActiveCfg = Debug|Any CPU
		{E1F9F3EE-5FE6-44AD-9A3E-DA4E606E7495}.Debug|Any CPU.Build.0 = Debug|Any CPU
		{E1F9F3EE-5FE6-44AD-9A3E-DA4E606E7495}.Release|Any CPU.ActiveCfg = Release|Any CPU
		{E1F9F3EE-5FE6-44AD-9A3E-DA4E606E7495}.Release|Any CPU.Build.0 = Release|Any CPU
	EndGlobalSection
	GlobalSection(SolutionProperties) = preSolution
		HideSolutionNode = FALSE
	EndGlobalSection
	GlobalSection(ExtensibilityGlobals) = postSolution
		SolutionGuid = {46E5CF87-9406-4039-854F-B198288D81E0}
	EndGlobalSection
EndGlobal
